
Microsoft Visual Studio Solution File, Format Version 12.00
# Visual Studio 15
Project("{FAE04EC0-301F-11D3-BF4B-00C04F79EFBC}") = "Chatbot.Library", "Chatbot.Library\Chatbot.Library.csproj", "{03C4FD29-48E5-4FBE-AA92-7290C218C95B}"
EndProject
Project("{FAE04EC0-301F-11D3-BF4B-00C04F79EFBC}") = "Chatbot.Database", "Chatbot.Database\Chatbot.Database.csproj", "{C4722B28-6115-4F55-9A2D-466A24B627FC}"
EndProject
Project("{2150E333-8FDC-42A3-9474-1A3956D46DE8}") = "Libraries", "Libraries", "{76BDA878-1FA5-4CF1-94A4-9F5097D93912}"
EndProject
Project("{2150E333-8FDC-42A3-9474-1A3956D46DE8}") = "Presentations", "Presentations", "{DC16EEF9-3558-40FF-BA03-301B0FA3D322}"
EndProject
Project("{FAE04EC0-301F-11D3-BF4B-00C04F79EFBC}") = "Chatbot.Execute", "Chatbot.Execute\Chatbot.Execute.csproj", "{FAA23E69-0804-4E87-9A5A-AA176D7ABBE6}"
EndProject
Global
	GlobalSection(SolutionConfigurationPlatforms) = preSolution
		Debug|Any CPU = Debug|Any CPU
		Release|Any CPU = Release|Any CPU
	EndGlobalSection
	GlobalSection(ProjectConfigurationPlatforms) = postSolution
		{03C4FD29-48E5-4FBE-AA92-7290C218C95B}.Debug|Any CPU.ActiveCfg = Debug|Any CPU
		{03C4FD29-48E5-4FBE-AA92-7290C218C95B}.Debug|Any CPU.Build.0 = Debug|Any CPU
		{03C4FD29-48E5-4FBE-AA92-7290C218C95B}.Release|Any CPU.ActiveCfg = Release|Any CPU
		{03C4FD29-48E5-4FBE-AA92-7290C218C95B}.Release|Any CPU.Build.0 = Release|Any CPU
		{C4722B28-6115-4F55-9A2D-466A24B627FC}.Debug|Any CPU.ActiveCfg = Debug|Any CPU
		{C4722B28-6115-4F55-9A2D-466A24B627FC}.Debug|Any CPU.Build.0 = Debug|Any CPU
		{C4722B28-6115-4F55-9A2D-466A24B627FC}.Release|Any CPU.ActiveCfg = Release|Any CPU
		{C4722B28-6115-4F55-9A2D-466A24B627FC}.Release|Any CPU.Build.0 = Release|Any CPU
		{FAA23E69-0804-4E87-9A5A-AA176D7ABBE6}.Debug|Any CPU.ActiveCfg = Debug|Any CPU
		{FAA23E69-0804-4E87-9A5A-AA176D7ABBE6}.Debug|Any CPU.Build.0 = Debug|Any CPU
		{FAA23E69-0804-4E87-9A5A-AA176D7ABBE6}.Release|Any CPU.ActiveCfg = Release|Any CPU
		{FAA23E69-0804-4E87-9A5A-AA176D7ABBE6}.Release|Any CPU.Build.0 = Release|Any CPU
	EndGlobalSection
	GlobalSection(NestedProjects) = preSolution
		{C4722B28-6115-4F55-9A2D-466A24B627FC} = {76BDA878-1FA5-4CF1-94A4-9F5097D93912}
		{03C4FD29-48E5-4FBE-AA92-7290C218C95B} = {76BDA878-1FA5-4CF1-94A4-9F5097D93912}
		{FAA23E69-0804-4E87-9A5A-AA176D7ABBE6} = {DC16EEF9-3558-40FF-BA03-301B0FA3D322}
	EndGlobalSection
EndGlobal
